
Microsoft Visual Studio Solution File, Format Version 12.00
# Visual Studio Version 17
VisualStudioVersion = 17.0.31903.59
MinimumVisualStudioVersion = 10.0.40219.1
Project("{FAE04EC0-301F-11D3-BF4B-00C04F79EFBC}") = "FactoryMethod", "CreationalPatterns\Factory Method\C#\FactoryMethod\FactoryMethod.csproj", "{84CBF645-229D-48F9-8F02-D817F827514E}"
EndProject
Project("{FAE04EC0-301F-11D3-BF4B-00C04F79EFBC}") = "AbstractFactory", "CreationalPatterns\AbstractFactory\C#\AbstractFactory\AbstractFactory.csproj", "{207294B5-E400-4746-89C1-C66CD6C48A1D}"
EndProject
Project("{FAE04EC0-301F-11D3-BF4B-00C04F79EFBC}") = "Builder", "CreationalPatterns\Builder\C#\Builder\Builder.csproj", "{FA1B58DE-9197-4835-8A16-8FD119EF598F}"
EndProject
Global
	GlobalSection(SolutionConfigurationPlatforms) = preSolution
		Debug|Any CPU = Debug|Any CPU
		Debug|x64 = Debug|x64
		Debug|x86 = Debug|x86
		Release|Any CPU = Release|Any CPU
		Release|x64 = Release|x64
		Release|x86 = Release|x86
	EndGlobalSection
	GlobalSection(ProjectConfigurationPlatforms) = postSolution
		{84CBF645-229D-48F9-8F02-D817F827514E}.Debug|Any CPU.ActiveCfg = Debug|Any CPU
		{84CBF645-229D-48F9-8F02-D817F827514E}.Debug|Any CPU.Build.0 = Debug|Any CPU
		{84CBF645-229D-48F9-8F02-D817F827514E}.Debug|x64.ActiveCfg = Debug|Any CPU
		{84CBF645-229D-48F9-8F02-D817F827514E}.Debug|x64.Build.0 = Debug|Any CPU
		{84CBF645-229D-48F9-8F02-D817F827514E}.Debug|x86.ActiveCfg = Debug|Any CPU
		{84CBF645-229D-48F9-8F02-D817F827514E}.Debug|x86.Build.0 = Debug|Any CPU
		{84CBF645-229D-48F9-8F02-D817F827514E}.Release|Any CPU.ActiveCfg = Release|Any CPU
		{84CBF645-229D-48F9-8F02-D817F827514E}.Release|Any CPU.Build.0 = Release|Any CPU
		{84CBF645-229D-48F9-8F02-D817F827514E}.Release|x64.ActiveCfg = Release|Any CPU
		{84CBF645-229D-48F9-8F02-D817F827514E}.Release|x64.Build.0 = Release|Any CPU
		{84CBF645-229D-48F9-8F02-D817F827514E}.Release|x86.ActiveCfg = Release|Any CPU
		{84CBF645-229D-48F9-8F02-D817F827514E}.Release|x86.Build.0 = Release|Any CPU
		{207294B5-E400-4746-89C1-C66CD6C48A1D}.Debug|Any CPU.ActiveCfg = Debug|Any CPU
		{207294B5-E400-4746-89C1-C66CD6C48A1D}.Debug|Any CPU.Build.0 = Debug|Any CPU
		{207294B5-E400-4746-89C1-C66CD6C48A1D}.Debug|x64.ActiveCfg = Debug|Any CPU
		{207294B5-E400-4746-89C1-C66CD6C48A1D}.Debug|x64.Build.0 = Debug|Any CPU
		{207294B5-E400-4746-89C1-C66CD6C48A1D}.Debug|x86.ActiveCfg = Debug|Any CPU
		{207294B5-E400-4746-89C1-C66CD6C48A1D}.Debug|x86.Build.0 = Debug|Any CPU
		{207294B5-E400-4746-89C1-C66CD6C48A1D}.Release|Any CPU.ActiveCfg = Release|Any CPU
		{207294B5-E400-4746-89C1-C66CD6C48A1D}.Release|Any CPU.Build.0 = Release|Any CPU
		{207294B5-E400-4746-89C1-C66CD6C48A1D}.Release|x64.ActiveCfg = Release|Any CPU
		{207294B5-E400-4746-89C1-C66CD6C48A1D}.Release|x64.Build.0 = Release|Any CPU
		{207294B5-E400-4746-89C1-C66CD6C48A1D}.Release|x86.ActiveCfg = Release|Any CPU
		{207294B5-E400-4746-89C1-C66CD6C48A1D}.Release|x86.Build.0 = Release|Any CPU
		{FA1B58DE-9197-4835-8A16-8FD119EF598F}.Debug|Any CPU.ActiveCfg = Debug|Any CPU
		{FA1B58DE-9197-4835-8A16-8FD119EF598F}.Debug|Any CPU.Build.0 = Debug|Any CPU
		{FA1B58DE-9197-4835-8A16-8FD119EF598F}.Debug|x64.ActiveCfg = Debug|Any CPU
		{FA1B58DE-9197-4835-8A16-8FD119EF598F}.Debug|x64.Build.0 = Debug|Any CPU
		{FA1B58DE-9197-4835-8A16-8FD119EF598F}.Debug|x86.ActiveCfg = Debug|Any CPU
		{FA1B58DE-9197-4835-8A16-8FD119EF598F}.Debug|x86.Build.0 = Debug|Any CPU
		{FA1B58DE-9197-4835-8A16-8FD119EF598F}.Release|Any CPU.ActiveCfg = Release|Any CPU
		{FA1B58DE-9197-4835-8A16-8FD119EF598F}.Release|Any CPU.Build.0 = Release|Any CPU
		{FA1B58DE-9197-4835-8A16-8FD119EF598F}.Release|x64.ActiveCfg = Release|Any CPU
		{FA1B58DE-9197-4835-8A16-8FD119EF598F}.Release|x64.Build.0 = Release|Any CPU
		{FA1B58DE-9197-4835-8A16-8FD119EF598F}.Release|x86.ActiveCfg = Release|Any CPU
		{FA1B58DE-9197-4835-8A16-8FD119EF598F}.Release|x86.Build.0 = Release|Any CPU
	EndGlobalSection
	GlobalSection(SolutionProperties) = preSolution
		HideSolutionNode = FALSE
	EndGlobalSection
EndGlobal
