
Microsoft Visual Studio Solution File, Format Version 12.00
# Visual Studio Version 17
VisualStudioVersion = 17.0.31903.59
MinimumVisualStudioVersion = 10.0.40219.1
Project("{FAE04EC0-301F-11D3-BF4B-00C04F79EFBC}") = "FactoryMethod", "CreationalPatterns\Factory Method\C#\FactoryMethod\FactoryMethod.csproj", "{84CBF645-229D-48F9-8F02-D817F827514E}"
EndProject
Project("{FAE04EC0-301F-11D3-BF4B-00C04F79EFBC}") = "AbstractFactory", "CreationalPatterns\AbstractFactory\C#\AbstractFactory\AbstractFactory.csproj", "{207294B5-E400-4746-89C1-C66CD6C48A1D}"
EndProject
Project("{FAE04EC0-301F-11D3-BF4B-00C04F79EFBC}") = "Builder", "CreationalPatterns\Builder\C#\Builder\Builder.csproj", "{FA1B58DE-9197-4835-8A16-8FD119EF598F}"
EndProject
Project("{FAE04EC0-301F-11D3-BF4B-00C04F79EFBC}") = "Prototype", "CreationalPatterns\Prototype\C#\Prototype\Prototype.csproj", "{F82E7E8F-BC4B-4069-B8F3-5C88FB387191}"
EndProject
Project("{FAE04EC0-301F-11D3-BF4B-00C04F79EFBC}") = "Singleton", "CreationalPatterns\Singleton\C#\Singleton\Singleton.csproj", "{FBF219EA-46DA-4E06-A5E7-3168F95FBDA6}"
EndProject
Project("{FAE04EC0-301F-11D3-BF4B-00C04F79EFBC}") = "Adapter", "Structural-Patterns\Adapter\C#\Adapter\Adapter.csproj", "{6710F9E0-DAB8-4939-A2B1-B704B83AF569}"
EndProject
Project("{FAE04EC0-301F-11D3-BF4B-00C04F79EFBC}") = "Bridge", "Structural-Patterns\Bridge\C#\Bridge\Bridge.csproj", "{375508D6-5650-42A2-9706-D2156FC6FB38}"
EndProject
Project("{FAE04EC0-301F-11D3-BF4B-00C04F79EFBC}") = "Composite", "Structural-Patterns\Composite\C#\Composite\Composite.csproj", "{99DC86EF-62B0-441C-9EBA-889C1352762A}"
EndProject
Project("{FAE04EC0-301F-11D3-BF4B-00C04F79EFBC}") = "Decorator", "Structural-Patterns\Decorator\C#\Decorator\Decorator.csproj", "{29EA473D-3740-42B7-8D51-8DA51B4964EC}"
EndProject
Project("{FAE04EC0-301F-11D3-BF4B-00C04F79EFBC}") = "Facade", "Structural-Patterns\Facade\C#\Facade\Facade.csproj", "{15B23D8B-92F1-4C83-B512-06146B81A197}"
EndProject
Project("{FAE04EC0-301F-11D3-BF4B-00C04F79EFBC}") = "Flyweight", "Structural-Patterns\Flyweight\C#\Flyweight\Flyweight.csproj", "{62AF7045-36E6-4D82-ADEF-40336E437E62}"
EndProject
Project("{FAE04EC0-301F-11D3-BF4B-00C04F79EFBC}") = "Proxy", "Structural-Patterns\Proxy\C#\Proxy\Proxy.csproj", "{52AF28C6-237A-40CD-84D0-EF2755B5E7D4}"
EndProject
Project("{FAE04EC0-301F-11D3-BF4B-00C04F79EFBC}") = "ChainOfResponsibility", "Behavioural-Patterns\ChainOfResponsibility\C#\ChainOfResponsibility\ChainOfResponsibility.csproj", "{88778345-9B55-4F8E-94A4-57D982695EFF}"
EndProject
Project("{FAE04EC0-301F-11D3-BF4B-00C04F79EFBC}") = "Command", "Behavioural-Patterns\Command\C#\Command\Command.csproj", "{B4DA65AC-A492-4888-86E9-C2139DD6988C}"
EndProject
Project("{FAE04EC0-301F-11D3-BF4B-00C04F79EFBC}") = "Iterator", "Behavioural-Patterns\Iterator\C#\Iterator\Iterator.csproj", "{6223901C-7BA6-4356-80B0-2CF95CA2E0BB}"
EndProject
Project("{FAE04EC0-301F-11D3-BF4B-00C04F79EFBC}") = "Mediator", "Behavioural-Patterns\Mediator\C#\Mediator\Mediator.csproj", "{0F1D4B44-F52A-4A2F-9BEA-CB943D3870B3}"
EndProject
Project("{FAE04EC0-301F-11D3-BF4B-00C04F79EFBC}") = "Memento", "Behavioural-Patterns\Memento\C#\Memento\Memento.csproj", "{089959DB-8CA0-4F76-BF6D-336C18CA4C6E}"
EndProject
Global
	GlobalSection(SolutionConfigurationPlatforms) = preSolution
		Debug|Any CPU = Debug|Any CPU
		Debug|x64 = Debug|x64
		Debug|x86 = Debug|x86
		Release|Any CPU = Release|Any CPU
		Release|x64 = Release|x64
		Release|x86 = Release|x86
	EndGlobalSection
	GlobalSection(ProjectConfigurationPlatforms) = postSolution
		{84CBF645-229D-48F9-8F02-D817F827514E}.Debug|Any CPU.ActiveCfg = Debug|Any CPU
		{84CBF645-229D-48F9-8F02-D817F827514E}.Debug|Any CPU.Build.0 = Debug|Any CPU
		{84CBF645-229D-48F9-8F02-D817F827514E}.Debug|x64.ActiveCfg = Debug|Any CPU
		{84CBF645-229D-48F9-8F02-D817F827514E}.Debug|x64.Build.0 = Debug|Any CPU
		{84CBF645-229D-48F9-8F02-D817F827514E}.Debug|x86.ActiveCfg = Debug|Any CPU
		{84CBF645-229D-48F9-8F02-D817F827514E}.Debug|x86.Build.0 = Debug|Any CPU
		{84CBF645-229D-48F9-8F02-D817F827514E}.Release|Any CPU.ActiveCfg = Release|Any CPU
		{84CBF645-229D-48F9-8F02-D817F827514E}.Release|Any CPU.Build.0 = Release|Any CPU
		{84CBF645-229D-48F9-8F02-D817F827514E}.Release|x64.ActiveCfg = Release|Any CPU
		{84CBF645-229D-48F9-8F02-D817F827514E}.Release|x64.Build.0 = Release|Any CPU
		{84CBF645-229D-48F9-8F02-D817F827514E}.Release|x86.ActiveCfg = Release|Any CPU
		{84CBF645-229D-48F9-8F02-D817F827514E}.Release|x86.Build.0 = Release|Any CPU
		{207294B5-E400-4746-89C1-C66CD6C48A1D}.Debug|Any CPU.ActiveCfg = Debug|Any CPU
		{207294B5-E400-4746-89C1-C66CD6C48A1D}.Debug|Any CPU.Build.0 = Debug|Any CPU
		{207294B5-E400-4746-89C1-C66CD6C48A1D}.Debug|x64.ActiveCfg = Debug|Any CPU
		{207294B5-E400-4746-89C1-C66CD6C48A1D}.Debug|x64.Build.0 = Debug|Any CPU
		{207294B5-E400-4746-89C1-C66CD6C48A1D}.Debug|x86.ActiveCfg = Debug|Any CPU
		{207294B5-E400-4746-89C1-C66CD6C48A1D}.Debug|x86.Build.0 = Debug|Any CPU
		{207294B5-E400-4746-89C1-C66CD6C48A1D}.Release|Any CPU.ActiveCfg = Release|Any CPU
		{207294B5-E400-4746-89C1-C66CD6C48A1D}.Release|Any CPU.Build.0 = Release|Any CPU
		{207294B5-E400-4746-89C1-C66CD6C48A1D}.Release|x64.ActiveCfg = Release|Any CPU
		{207294B5-E400-4746-89C1-C66CD6C48A1D}.Release|x64.Build.0 = Release|Any CPU
		{207294B5-E400-4746-89C1-C66CD6C48A1D}.Release|x86.ActiveCfg = Release|Any CPU
		{207294B5-E400-4746-89C1-C66CD6C48A1D}.Release|x86.Build.0 = Release|Any CPU
		{FA1B58DE-9197-4835-8A16-8FD119EF598F}.Debug|Any CPU.ActiveCfg = Debug|Any CPU
		{FA1B58DE-9197-4835-8A16-8FD119EF598F}.Debug|Any CPU.Build.0 = Debug|Any CPU
		{FA1B58DE-9197-4835-8A16-8FD119EF598F}.Debug|x64.ActiveCfg = Debug|Any CPU
		{FA1B58DE-9197-4835-8A16-8FD119EF598F}.Debug|x64.Build.0 = Debug|Any CPU
		{FA1B58DE-9197-4835-8A16-8FD119EF598F}.Debug|x86.ActiveCfg = Debug|Any CPU
		{FA1B58DE-9197-4835-8A16-8FD119EF598F}.Debug|x86.Build.0 = Debug|Any CPU
		{FA1B58DE-9197-4835-8A16-8FD119EF598F}.Release|Any CPU.ActiveCfg = Release|Any CPU
		{FA1B58DE-9197-4835-8A16-8FD119EF598F}.Release|Any CPU.Build.0 = Release|Any CPU
		{FA1B58DE-9197-4835-8A16-8FD119EF598F}.Release|x64.ActiveCfg = Release|Any CPU
		{FA1B58DE-9197-4835-8A16-8FD119EF598F}.Release|x64.Build.0 = Release|Any CPU
		{FA1B58DE-9197-4835-8A16-8FD119EF598F}.Release|x86.ActiveCfg = Release|Any CPU
		{FA1B58DE-9197-4835-8A16-8FD119EF598F}.Release|x86.Build.0 = Release|Any CPU
		{F82E7E8F-BC4B-4069-B8F3-5C88FB387191}.Debug|Any CPU.ActiveCfg = Debug|Any CPU
		{F82E7E8F-BC4B-4069-B8F3-5C88FB387191}.Debug|Any CPU.Build.0 = Debug|Any CPU
		{F82E7E8F-BC4B-4069-B8F3-5C88FB387191}.Debug|x64.ActiveCfg = Debug|Any CPU
		{F82E7E8F-BC4B-4069-B8F3-5C88FB387191}.Debug|x64.Build.0 = Debug|Any CPU
		{F82E7E8F-BC4B-4069-B8F3-5C88FB387191}.Debug|x86.ActiveCfg = Debug|Any CPU
		{F82E7E8F-BC4B-4069-B8F3-5C88FB387191}.Debug|x86.Build.0 = Debug|Any CPU
		{F82E7E8F-BC4B-4069-B8F3-5C88FB387191}.Release|Any CPU.ActiveCfg = Release|Any CPU
		{F82E7E8F-BC4B-4069-B8F3-5C88FB387191}.Release|Any CPU.Build.0 = Release|Any CPU
		{F82E7E8F-BC4B-4069-B8F3-5C88FB387191}.Release|x64.ActiveCfg = Release|Any CPU
		{F82E7E8F-BC4B-4069-B8F3-5C88FB387191}.Release|x64.Build.0 = Release|Any CPU
		{F82E7E8F-BC4B-4069-B8F3-5C88FB387191}.Release|x86.ActiveCfg = Release|Any CPU
		{F82E7E8F-BC4B-4069-B8F3-5C88FB387191}.Release|x86.Build.0 = Release|Any CPU
		{FBF219EA-46DA-4E06-A5E7-3168F95FBDA6}.Debug|Any CPU.ActiveCfg = Debug|Any CPU
		{FBF219EA-46DA-4E06-A5E7-3168F95FBDA6}.Debug|Any CPU.Build.0 = Debug|Any CPU
		{FBF219EA-46DA-4E06-A5E7-3168F95FBDA6}.Debug|x64.ActiveCfg = Debug|Any CPU
		{FBF219EA-46DA-4E06-A5E7-3168F95FBDA6}.Debug|x64.Build.0 = Debug|Any CPU
		{FBF219EA-46DA-4E06-A5E7-3168F95FBDA6}.Debug|x86.ActiveCfg = Debug|Any CPU
		{FBF219EA-46DA-4E06-A5E7-3168F95FBDA6}.Debug|x86.Build.0 = Debug|Any CPU
		{FBF219EA-46DA-4E06-A5E7-3168F95FBDA6}.Release|Any CPU.ActiveCfg = Release|Any CPU
		{FBF219EA-46DA-4E06-A5E7-3168F95FBDA6}.Release|Any CPU.Build.0 = Release|Any CPU
		{FBF219EA-46DA-4E06-A5E7-3168F95FBDA6}.Release|x64.ActiveCfg = Release|Any CPU
		{FBF219EA-46DA-4E06-A5E7-3168F95FBDA6}.Release|x64.Build.0 = Release|Any CPU
		{FBF219EA-46DA-4E06-A5E7-3168F95FBDA6}.Release|x86.ActiveCfg = Release|Any CPU
		{FBF219EA-46DA-4E06-A5E7-3168F95FBDA6}.Release|x86.Build.0 = Release|Any CPU
		{6710F9E0-DAB8-4939-A2B1-B704B83AF569}.Debug|Any CPU.ActiveCfg = Debug|Any CPU
		{6710F9E0-DAB8-4939-A2B1-B704B83AF569}.Debug|Any CPU.Build.0 = Debug|Any CPU
		{6710F9E0-DAB8-4939-A2B1-B704B83AF569}.Debug|x64.ActiveCfg = Debug|Any CPU
		{6710F9E0-DAB8-4939-A2B1-B704B83AF569}.Debug|x64.Build.0 = Debug|Any CPU
		{6710F9E0-DAB8-4939-A2B1-B704B83AF569}.Debug|x86.ActiveCfg = Debug|Any CPU
		{6710F9E0-DAB8-4939-A2B1-B704B83AF569}.Debug|x86.Build.0 = Debug|Any CPU
		{6710F9E0-DAB8-4939-A2B1-B704B83AF569}.Release|Any CPU.ActiveCfg = Release|Any CPU
		{6710F9E0-DAB8-4939-A2B1-B704B83AF569}.Release|Any CPU.Build.0 = Release|Any CPU
		{6710F9E0-DAB8-4939-A2B1-B704B83AF569}.Release|x64.ActiveCfg = Release|Any CPU
		{6710F9E0-DAB8-4939-A2B1-B704B83AF569}.Release|x64.Build.0 = Release|Any CPU
		{6710F9E0-DAB8-4939-A2B1-B704B83AF569}.Release|x86.ActiveCfg = Release|Any CPU
		{6710F9E0-DAB8-4939-A2B1-B704B83AF569}.Release|x86.Build.0 = Release|Any CPU
		{375508D6-5650-42A2-9706-D2156FC6FB38}.Debug|Any CPU.ActiveCfg = Debug|Any CPU
		{375508D6-5650-42A2-9706-D2156FC6FB38}.Debug|Any CPU.Build.0 = Debug|Any CPU
		{375508D6-5650-42A2-9706-D2156FC6FB38}.Debug|x64.ActiveCfg = Debug|Any CPU
		{375508D6-5650-42A2-9706-D2156FC6FB38}.Debug|x64.Build.0 = Debug|Any CPU
		{375508D6-5650-42A2-9706-D2156FC6FB38}.Debug|x86.ActiveCfg = Debug|Any CPU
		{375508D6-5650-42A2-9706-D2156FC6FB38}.Debug|x86.Build.0 = Debug|Any CPU
		{375508D6-5650-42A2-9706-D2156FC6FB38}.Release|Any CPU.ActiveCfg = Release|Any CPU
		{375508D6-5650-42A2-9706-D2156FC6FB38}.Release|Any CPU.Build.0 = Release|Any CPU
		{375508D6-5650-42A2-9706-D2156FC6FB38}.Release|x64.ActiveCfg = Release|Any CPU
		{375508D6-5650-42A2-9706-D2156FC6FB38}.Release|x64.Build.0 = Release|Any CPU
		{375508D6-5650-42A2-9706-D2156FC6FB38}.Release|x86.ActiveCfg = Release|Any CPU
		{375508D6-5650-42A2-9706-D2156FC6FB38}.Release|x86.Build.0 = Release|Any CPU
		{99DC86EF-62B0-441C-9EBA-889C1352762A}.Debug|Any CPU.ActiveCfg = Debug|Any CPU
		{99DC86EF-62B0-441C-9EBA-889C1352762A}.Debug|Any CPU.Build.0 = Debug|Any CPU
		{99DC86EF-62B0-441C-9EBA-889C1352762A}.Debug|x64.ActiveCfg = Debug|Any CPU
		{99DC86EF-62B0-441C-9EBA-889C1352762A}.Debug|x64.Build.0 = Debug|Any CPU
		{99DC86EF-62B0-441C-9EBA-889C1352762A}.Debug|x86.ActiveCfg = Debug|Any CPU
		{99DC86EF-62B0-441C-9EBA-889C1352762A}.Debug|x86.Build.0 = Debug|Any CPU
		{99DC86EF-62B0-441C-9EBA-889C1352762A}.Release|Any CPU.ActiveCfg = Release|Any CPU
		{99DC86EF-62B0-441C-9EBA-889C1352762A}.Release|Any CPU.Build.0 = Release|Any CPU
		{99DC86EF-62B0-441C-9EBA-889C1352762A}.Release|x64.ActiveCfg = Release|Any CPU
		{99DC86EF-62B0-441C-9EBA-889C1352762A}.Release|x64.Build.0 = Release|Any CPU
		{99DC86EF-62B0-441C-9EBA-889C1352762A}.Release|x86.ActiveCfg = Release|Any CPU
		{99DC86EF-62B0-441C-9EBA-889C1352762A}.Release|x86.Build.0 = Release|Any CPU
		{29EA473D-3740-42B7-8D51-8DA51B4964EC}.Debug|Any CPU.ActiveCfg = Debug|Any CPU
		{29EA473D-3740-42B7-8D51-8DA51B4964EC}.Debug|Any CPU.Build.0 = Debug|Any CPU
		{29EA473D-3740-42B7-8D51-8DA51B4964EC}.Debug|x64.ActiveCfg = Debug|Any CPU
		{29EA473D-3740-42B7-8D51-8DA51B4964EC}.Debug|x64.Build.0 = Debug|Any CPU
		{29EA473D-3740-42B7-8D51-8DA51B4964EC}.Debug|x86.ActiveCfg = Debug|Any CPU
		{29EA473D-3740-42B7-8D51-8DA51B4964EC}.Debug|x86.Build.0 = Debug|Any CPU
		{29EA473D-3740-42B7-8D51-8DA51B4964EC}.Release|Any CPU.ActiveCfg = Release|Any CPU
		{29EA473D-3740-42B7-8D51-8DA51B4964EC}.Release|Any CPU.Build.0 = Release|Any CPU
		{29EA473D-3740-42B7-8D51-8DA51B4964EC}.Release|x64.ActiveCfg = Release|Any CPU
		{29EA473D-3740-42B7-8D51-8DA51B4964EC}.Release|x64.Build.0 = Release|Any CPU
		{29EA473D-3740-42B7-8D51-8DA51B4964EC}.Release|x86.ActiveCfg = Release|Any CPU
		{29EA473D-3740-42B7-8D51-8DA51B4964EC}.Release|x86.Build.0 = Release|Any CPU
		{15B23D8B-92F1-4C83-B512-06146B81A197}.Debug|Any CPU.ActiveCfg = Debug|Any CPU
		{15B23D8B-92F1-4C83-B512-06146B81A197}.Debug|Any CPU.Build.0 = Debug|Any CPU
		{15B23D8B-92F1-4C83-B512-06146B81A197}.Debug|x64.ActiveCfg = Debug|Any CPU
		{15B23D8B-92F1-4C83-B512-06146B81A197}.Debug|x64.Build.0 = Debug|Any CPU
		{15B23D8B-92F1-4C83-B512-06146B81A197}.Debug|x86.ActiveCfg = Debug|Any CPU
		{15B23D8B-92F1-4C83-B512-06146B81A197}.Debug|x86.Build.0 = Debug|Any CPU
		{15B23D8B-92F1-4C83-B512-06146B81A197}.Release|Any CPU.ActiveCfg = Release|Any CPU
		{15B23D8B-92F1-4C83-B512-06146B81A197}.Release|Any CPU.Build.0 = Release|Any CPU
		{15B23D8B-92F1-4C83-B512-06146B81A197}.Release|x64.ActiveCfg = Release|Any CPU
		{15B23D8B-92F1-4C83-B512-06146B81A197}.Release|x64.Build.0 = Release|Any CPU
		{15B23D8B-92F1-4C83-B512-06146B81A197}.Release|x86.ActiveCfg = Release|Any CPU
		{15B23D8B-92F1-4C83-B512-06146B81A197}.Release|x86.Build.0 = Release|Any CPU
		{62AF7045-36E6-4D82-ADEF-40336E437E62}.Debug|Any CPU.ActiveCfg = Debug|Any CPU
		{62AF7045-36E6-4D82-ADEF-40336E437E62}.Debug|Any CPU.Build.0 = Debug|Any CPU
		{62AF7045-36E6-4D82-ADEF-40336E437E62}.Debug|x64.ActiveCfg = Debug|Any CPU
		{62AF7045-36E6-4D82-ADEF-40336E437E62}.Debug|x64.Build.0 = Debug|Any CPU
		{62AF7045-36E6-4D82-ADEF-40336E437E62}.Debug|x86.ActiveCfg = Debug|Any CPU
		{62AF7045-36E6-4D82-ADEF-40336E437E62}.Debug|x86.Build.0 = Debug|Any CPU
		{62AF7045-36E6-4D82-ADEF-40336E437E62}.Release|Any CPU.ActiveCfg = Release|Any CPU
		{62AF7045-36E6-4D82-ADEF-40336E437E62}.Release|Any CPU.Build.0 = Release|Any CPU
		{62AF7045-36E6-4D82-ADEF-40336E437E62}.Release|x64.ActiveCfg = Release|Any CPU
		{62AF7045-36E6-4D82-ADEF-40336E437E62}.Release|x64.Build.0 = Release|Any CPU
		{62AF7045-36E6-4D82-ADEF-40336E437E62}.Release|x86.ActiveCfg = Release|Any CPU
		{62AF7045-36E6-4D82-ADEF-40336E437E62}.Release|x86.Build.0 = Release|Any CPU
		{52AF28C6-237A-40CD-84D0-EF2755B5E7D4}.Debug|Any CPU.ActiveCfg = Debug|Any CPU
		{52AF28C6-237A-40CD-84D0-EF2755B5E7D4}.Debug|Any CPU.Build.0 = Debug|Any CPU
		{52AF28C6-237A-40CD-84D0-EF2755B5E7D4}.Debug|x64.ActiveCfg = Debug|Any CPU
		{52AF28C6-237A-40CD-84D0-EF2755B5E7D4}.Debug|x64.Build.0 = Debug|Any CPU
		{52AF28C6-237A-40CD-84D0-EF2755B5E7D4}.Debug|x86.ActiveCfg = Debug|Any CPU
		{52AF28C6-237A-40CD-84D0-EF2755B5E7D4}.Debug|x86.Build.0 = Debug|Any CPU
		{52AF28C6-237A-40CD-84D0-EF2755B5E7D4}.Release|Any CPU.ActiveCfg = Release|Any CPU
		{52AF28C6-237A-40CD-84D0-EF2755B5E7D4}.Release|Any CPU.Build.0 = Release|Any CPU
		{52AF28C6-237A-40CD-84D0-EF2755B5E7D4}.Release|x64.ActiveCfg = Release|Any CPU
		{52AF28C6-237A-40CD-84D0-EF2755B5E7D4}.Release|x64.Build.0 = Release|Any CPU
		{52AF28C6-237A-40CD-84D0-EF2755B5E7D4}.Release|x86.ActiveCfg = Release|Any CPU
		{52AF28C6-237A-40CD-84D0-EF2755B5E7D4}.Release|x86.Build.0 = Release|Any CPU
		{88778345-9B55-4F8E-94A4-57D982695EFF}.Debug|Any CPU.ActiveCfg = Debug|Any CPU
		{88778345-9B55-4F8E-94A4-57D982695EFF}.Debug|Any CPU.Build.0 = Debug|Any CPU
		{88778345-9B55-4F8E-94A4-57D982695EFF}.Debug|x64.ActiveCfg = Debug|Any CPU
		{88778345-9B55-4F8E-94A4-57D982695EFF}.Debug|x64.Build.0 = Debug|Any CPU
		{88778345-9B55-4F8E-94A4-57D982695EFF}.Debug|x86.ActiveCfg = Debug|Any CPU
		{88778345-9B55-4F8E-94A4-57D982695EFF}.Debug|x86.Build.0 = Debug|Any CPU
		{88778345-9B55-4F8E-94A4-57D982695EFF}.Release|Any CPU.ActiveCfg = Release|Any CPU
		{88778345-9B55-4F8E-94A4-57D982695EFF}.Release|Any CPU.Build.0 = Release|Any CPU
		{88778345-9B55-4F8E-94A4-57D982695EFF}.Release|x64.ActiveCfg = Release|Any CPU
		{88778345-9B55-4F8E-94A4-57D982695EFF}.Release|x64.Build.0 = Release|Any CPU
		{88778345-9B55-4F8E-94A4-57D982695EFF}.Release|x86.ActiveCfg = Release|Any CPU
		{88778345-9B55-4F8E-94A4-57D982695EFF}.Release|x86.Build.0 = Release|Any CPU
		{B4DA65AC-A492-4888-86E9-C2139DD6988C}.Debug|Any CPU.ActiveCfg = Debug|Any CPU
		{B4DA65AC-A492-4888-86E9-C2139DD6988C}.Debug|Any CPU.Build.0 = Debug|Any CPU
		{B4DA65AC-A492-4888-86E9-C2139DD6988C}.Debug|x64.ActiveCfg = Debug|Any CPU
		{B4DA65AC-A492-4888-86E9-C2139DD6988C}.Debug|x64.Build.0 = Debug|Any CPU
		{B4DA65AC-A492-4888-86E9-C2139DD6988C}.Debug|x86.ActiveCfg = Debug|Any CPU
		{B4DA65AC-A492-4888-86E9-C2139DD6988C}.Debug|x86.Build.0 = Debug|Any CPU
		{B4DA65AC-A492-4888-86E9-C2139DD6988C}.Release|Any CPU.ActiveCfg = Release|Any CPU
		{B4DA65AC-A492-4888-86E9-C2139DD6988C}.Release|Any CPU.Build.0 = Release|Any CPU
		{B4DA65AC-A492-4888-86E9-C2139DD6988C}.Release|x64.ActiveCfg = Release|Any CPU
		{B4DA65AC-A492-4888-86E9-C2139DD6988C}.Release|x64.Build.0 = Release|Any CPU
		{B4DA65AC-A492-4888-86E9-C2139DD6988C}.Release|x86.ActiveCfg = Release|Any CPU
		{B4DA65AC-A492-4888-86E9-C2139DD6988C}.Release|x86.Build.0 = Release|Any CPU
		{6223901C-7BA6-4356-80B0-2CF95CA2E0BB}.Debug|Any CPU.ActiveCfg = Debug|Any CPU
		{6223901C-7BA6-4356-80B0-2CF95CA2E0BB}.Debug|Any CPU.Build.0 = Debug|Any CPU
		{6223901C-7BA6-4356-80B0-2CF95CA2E0BB}.Debug|x64.ActiveCfg = Debug|Any CPU
		{6223901C-7BA6-4356-80B0-2CF95CA2E0BB}.Debug|x64.Build.0 = Debug|Any CPU
		{6223901C-7BA6-4356-80B0-2CF95CA2E0BB}.Debug|x86.ActiveCfg = Debug|Any CPU
		{6223901C-7BA6-4356-80B0-2CF95CA2E0BB}.Debug|x86.Build.0 = Debug|Any CPU
		{6223901C-7BA6-4356-80B0-2CF95CA2E0BB}.Release|Any CPU.ActiveCfg = Release|Any CPU
		{6223901C-7BA6-4356-80B0-2CF95CA2E0BB}.Release|Any CPU.Build.0 = Release|Any CPU
		{6223901C-7BA6-4356-80B0-2CF95CA2E0BB}.Release|x64.ActiveCfg = Release|Any CPU
		{6223901C-7BA6-4356-80B0-2CF95CA2E0BB}.Release|x64.Build.0 = Release|Any CPU
		{6223901C-7BA6-4356-80B0-2CF95CA2E0BB}.Release|x86.ActiveCfg = Release|Any CPU
		{6223901C-7BA6-4356-80B0-2CF95CA2E0BB}.Release|x86.Build.0 = Release|Any CPU
		{0F1D4B44-F52A-4A2F-9BEA-CB943D3870B3}.Debug|Any CPU.ActiveCfg = Debug|Any CPU
		{0F1D4B44-F52A-4A2F-9BEA-CB943D3870B3}.Debug|Any CPU.Build.0 = Debug|Any CPU
		{0F1D4B44-F52A-4A2F-9BEA-CB943D3870B3}.Debug|x64.ActiveCfg = Debug|Any CPU
		{0F1D4B44-F52A-4A2F-9BEA-CB943D3870B3}.Debug|x64.Build.0 = Debug|Any CPU
		{0F1D4B44-F52A-4A2F-9BEA-CB943D3870B3}.Debug|x86.ActiveCfg = Debug|Any CPU
		{0F1D4B44-F52A-4A2F-9BEA-CB943D3870B3}.Debug|x86.Build.0 = Debug|Any CPU
		{0F1D4B44-F52A-4A2F-9BEA-CB943D3870B3}.Release|Any CPU.ActiveCfg = Release|Any CPU
		{0F1D4B44-F52A-4A2F-9BEA-CB943D3870B3}.Release|Any CPU.Build.0 = Release|Any CPU
		{0F1D4B44-F52A-4A2F-9BEA-CB943D3870B3}.Release|x64.ActiveCfg = Release|Any CPU
		{0F1D4B44-F52A-4A2F-9BEA-CB943D3870B3}.Release|x64.Build.0 = Release|Any CPU
		{0F1D4B44-F52A-4A2F-9BEA-CB943D3870B3}.Release|x86.ActiveCfg = Release|Any CPU
		{0F1D4B44-F52A-4A2F-9BEA-CB943D3870B3}.Release|x86.Build.0 = Release|Any CPU
		{089959DB-8CA0-4F76-BF6D-336C18CA4C6E}.Debug|Any CPU.ActiveCfg = Debug|Any CPU
		{089959DB-8CA0-4F76-BF6D-336C18CA4C6E}.Debug|Any CPU.Build.0 = Debug|Any CPU
		{089959DB-8CA0-4F76-BF6D-336C18CA4C6E}.Debug|x64.ActiveCfg = Debug|Any CPU
		{089959DB-8CA0-4F76-BF6D-336C18CA4C6E}.Debug|x64.Build.0 = Debug|Any CPU
		{089959DB-8CA0-4F76-BF6D-336C18CA4C6E}.Debug|x86.ActiveCfg = Debug|Any CPU
		{089959DB-8CA0-4F76-BF6D-336C18CA4C6E}.Debug|x86.Build.0 = Debug|Any CPU
		{089959DB-8CA0-4F76-BF6D-336C18CA4C6E}.Release|Any CPU.ActiveCfg = Release|Any CPU
		{089959DB-8CA0-4F76-BF6D-336C18CA4C6E}.Release|Any CPU.Build.0 = Release|Any CPU
		{089959DB-8CA0-4F76-BF6D-336C18CA4C6E}.Release|x64.ActiveCfg = Release|Any CPU
		{089959DB-8CA0-4F76-BF6D-336C18CA4C6E}.Release|x64.Build.0 = Release|Any CPU
		{089959DB-8CA0-4F76-BF6D-336C18CA4C6E}.Release|x86.ActiveCfg = Release|Any CPU
		{089959DB-8CA0-4F76-BF6D-336C18CA4C6E}.Release|x86.Build.0 = Release|Any CPU
	EndGlobalSection
	GlobalSection(SolutionProperties) = preSolution
		HideSolutionNode = FALSE
	EndGlobalSection
	GlobalSection(NestedProjects) = preSolution
		{B53688EF-86DB-FB7B-661B-2E9D72242743} = {38709CA1-C31F-559D-A54F-3E38C9FF3655}
		{983D6B16-D837-A0E7-47E2-1412763BA817} = {B53688EF-86DB-FB7B-661B-2E9D72242743}
		{089959DB-8CA0-4F76-BF6D-336C18CA4C6E} = {983D6B16-D837-A0E7-47E2-1412763BA817}
	EndGlobalSection
EndGlobal
